
Microsoft Visual Studio Solution File, Format Version 12.00
# Visual Studio Version 17
VisualStudioVersion = 17.14.36121.58 d17.14
MinimumVisualStudioVersion = 10.0.40219.1
Project("{FAE04EC0-301F-11D3-BF4B-00C04F79EFBC}") = "CentralLogStreamHandler", "WindowsService1\CentralLogStreamHandler.csproj", "{F62FE7C7-DAE5-46AA-A7E8-B4D39004D9B4}"
EndProject
Global
	GlobalSection(SolutionConfigurationPlatforms) = preSolution
		Debug|Any CPU = Debug|Any CPU
		Release|Any CPU = Release|Any CPU
	EndGlobalSection
	GlobalSection(ProjectConfigurationPlatforms) = postSolution
		{F62FE7C7-DAE5-46AA-A7E8-B4D39004D9B4}.Debug|Any CPU.ActiveCfg = Debug|Any CPU
		{F62FE7C7-DAE5-46AA-A7E8-B4D39004D9B4}.Debug|Any CPU.Build.0 = Debug|Any CPU
		{F62FE7C7-DAE5-46AA-A7E8-B4D39004D9B4}.Release|Any CPU.ActiveCfg = Release|Any CPU
		{F62FE7C7-DAE5-46AA-A7E8-B4D39004D9B4}.Release|Any CPU.Build.0 = Release|Any CPU
	EndGlobalSection
	GlobalSection(SolutionProperties) = preSolution
		HideSolutionNode = FALSE
	EndGlobalSection
	GlobalSection(ExtensibilityGlobals) = postSolution
		SolutionGuid = {55F568D0-A08D-4B68-BCB0-784F22AD5EDC}
	EndGlobalSection
EndGlobal
